
Microsoft Visual Studio Solution File, Format Version 12.00
# Visual Studio Version 16
VisualStudioVersion = 16.0.31321.278
MinimumVisualStudioVersion = 10.0.40219.1
Project("{FAE04EC0-301F-11D3-BF4B-00C04F79EFBC}") = "BluescreenSimulator", "BluescreenSimulator\BluescreenSimulator.csproj", "{7105D836-C7DF-4105-A746-D6E92804D0CB}"
EndProject
Global
	GlobalSection(SolutionConfigurationPlatforms) = preSolution
		Debug|Any CPU = Debug|Any CPU
		Release|Any CPU = Release|Any CPU
	EndGlobalSection
	GlobalSection(ProjectConfigurationPlatforms) = postSolution
		{7105D836-C7DF-4105-A746-D6E92804D0CB}.Debug|Any CPU.ActiveCfg = Debug|Any CPU
		{7105D836-C7DF-4105-A746-D6E92804D0CB}.Debug|Any CPU.Build.0 = Debug|Any CPU
		{7105D836-C7DF-4105-A746-D6E92804D0CB}.Release|Any CPU.ActiveCfg = Release|Any CPU
		{7105D836-C7DF-4105-A746-D6E92804D0CB}.Release|Any CPU.Build.0 = Release|Any CPU
	EndGlobalSection
	GlobalSection(SolutionProperties) = preSolution
		HideSolutionNode = FALSE
	EndGlobalSection
	GlobalSection(ExtensibilityGlobals) = postSolution
		SolutionGuid = {075C9D06-6E3A-4CC8-B314-3D5897A2A561}
	EndGlobalSection
EndGlobal
